# This file was autogenerated by Stack.
# You should not edit this file by hand.
# For more information, please see the documentation at:
#   https://docs.haskellstack.org/en/stable/lock_files

packages:
- completed:
    name: srtree
    version: 0.1.0.0
    git: https://github.com/folivetti/srtree.git
    pantry-tree:
      size: 817
      sha256: b15f4d901e58a1caa77b6086fcba31aa7da8aee37c30da59c44fcf6cb956361e
    commit: 332cc55c3f1807edf78966105eba25afd784bb9a
  original:
    git: https://github.com/folivetti/srtree.git
    commit: 332cc55c3f1807edf78966105eba25afd784bb9a
- completed:
    name: modal-interval
    version: 0.1.0.0
    git: https://github.com/folivetti/modal-interval.git
    pantry-tree:
      size: 2101
      sha256: b41c9d4691d749380dc0b4a301c8edf31da4af0ed29ed766bfb393b3907f1a09
    commit: 191689d30f77866a5952e4bfedb06eaa10ba5e75
  original:
    git: https://github.com/folivetti/modal-interval.git
    commit: 191689d30f77866a5952e4bfedb06eaa10ba5e75
snapshots:
- completed:
    size: 586296
    url: https://raw.githubusercontent.com/commercialhaskell/stackage-snapshots/master/lts/18/18.yaml
    sha256: 63539429076b7ebbab6daa7656cfb079393bf644971156dc349d7c0453694ac2
  original:
    url: https://raw.githubusercontent.com/commercialhaskell/stackage-snapshots/master/lts/18/18.yaml
