# This file was autogenerated by Stack.
# You should not edit this file by hand.
# For more information, please see the documentation at:
#   https://docs.haskellstack.org/en/stable/lock_files

packages:
- completed:
    name: srtree
    version: 0.1.0.0
    git: https://github.com/folivetti/srtree.git
    pantry-tree:
      size: 817
      sha256: bc96f6fba1d20b5537a961578e53e23be8b5500dcb359d49965541c4b6e18810
    commit: 2b376f6d7a9cacf65978e9f8718c3c0d330b4cba
  original:
    git: https://github.com/folivetti/srtree.git
    commit: 2b376f6d7a9cacf65978e9f8718c3c0d330b4cba
- completed:
    name: modal-interval
    version: 0.1.0.0
    git: https://github.com/folivetti/modal-interval.git
    pantry-tree:
      size: 2101
      sha256: b41c9d4691d749380dc0b4a301c8edf31da4af0ed29ed766bfb393b3907f1a09
    commit: 191689d30f77866a5952e4bfedb06eaa10ba5e75
  original:
    git: https://github.com/folivetti/modal-interval.git
    commit: 191689d30f77866a5952e4bfedb06eaa10ba5e75
snapshots:
- completed:
    size: 586296
    url: https://raw.githubusercontent.com/commercialhaskell/stackage-snapshots/master/lts/18/18.yaml
    sha256: 63539429076b7ebbab6daa7656cfb079393bf644971156dc349d7c0453694ac2
  original:
    url: https://raw.githubusercontent.com/commercialhaskell/stackage-snapshots/master/lts/18/18.yaml
