# This file was autogenerated by Stack.
# You should not edit this file by hand.
# For more information, please see the documentation at:
#   https://docs.haskellstack.org/en/stable/lock_files

packages:
- completed:
    name: srtree
    version: 0.1.0.0
    git: https://github.com/folivetti/srtree.git
    pantry-tree:
      size: 817
      sha256: 94e90a962e7dd66a28c05cd2c6e52ff810edbe970377341920f9dce8acd2ece3
    commit: db83f1573a72da27e4755133116305e3e44f24bf
  original:
    git: https://github.com/folivetti/srtree.git
    commit: db83f1573a72da27e4755133116305e3e44f24bf
- completed:
    name: modal-interval
    version: 0.1.0.0
    git: https://github.com/folivetti/modal-interval.git
    pantry-tree:
      size: 950
      sha256: 7dd180da8dc96f09d20a3dec3527074f5477d00f3208c49aaa0ce1d2e450290f
    commit: 255fcba080da9a758e7f535bfff2ed333541de36
  original:
    git: https://github.com/folivetti/modal-interval.git
    commit: 255fcba080da9a758e7f535bfff2ed333541de36
snapshots:
- completed:
    size: 586296
    url: https://raw.githubusercontent.com/commercialhaskell/stackage-snapshots/master/lts/18/18.yaml
    sha256: 63539429076b7ebbab6daa7656cfb079393bf644971156dc349d7c0453694ac2
  original:
    url: https://raw.githubusercontent.com/commercialhaskell/stackage-snapshots/master/lts/18/18.yaml
